
Microsoft Visual Studio Solution File, Format Version 12.00
# Visual Studio Version 16
VisualStudioVersion = 16.0.30011.22
MinimumVisualStudioVersion = 10.0.40219.1
Project("{9A19103F-16F7-4668-BE54-9A1E7A4F7556}") = "AutomationPractice", "AutomationPractice\AutomationPractice.csproj", "{A1B549FD-9EFB-439F-8892-01F2E9303B45}"
EndProject
Project("{9A19103F-16F7-4668-BE54-9A1E7A4F7556}") = "DemoQA", "DemoQA\DemoQA.csproj", "{0070F4C0-8033-49A5-89AD-86AD1CD3D0D1}"
EndProject
Project("{FAE04EC0-301F-11D3-BF4B-00C04F79EFBC}") = "SoftUni", "SoftUni\SoftUni.csproj", "{9DB4DF00-79BA-478A-B76F-E559D2E433EA}"
EndProject
Project("{FAE04EC0-301F-11D3-BF4B-00C04F79EFBC}") = "Google", "Google\Google.csproj", "{17CF068E-327B-4D20-ADA2-0A9D571A0AB7}"
EndProject
Global
	GlobalSection(SolutionConfigurationPlatforms) = preSolution
		Debug|Any CPU = Debug|Any CPU
		Release|Any CPU = Release|Any CPU
	EndGlobalSection
	GlobalSection(ProjectConfigurationPlatforms) = postSolution
		{A1B549FD-9EFB-439F-8892-01F2E9303B45}.Debug|Any CPU.ActiveCfg = Debug|Any CPU
		{A1B549FD-9EFB-439F-8892-01F2E9303B45}.Debug|Any CPU.Build.0 = Debug|Any CPU
		{A1B549FD-9EFB-439F-8892-01F2E9303B45}.Release|Any CPU.ActiveCfg = Release|Any CPU
		{A1B549FD-9EFB-439F-8892-01F2E9303B45}.Release|Any CPU.Build.0 = Release|Any CPU
		{0070F4C0-8033-49A5-89AD-86AD1CD3D0D1}.Debug|Any CPU.ActiveCfg = Debug|Any CPU
		{0070F4C0-8033-49A5-89AD-86AD1CD3D0D1}.Debug|Any CPU.Build.0 = Debug|Any CPU
		{0070F4C0-8033-49A5-89AD-86AD1CD3D0D1}.Release|Any CPU.ActiveCfg = Release|Any CPU
		{0070F4C0-8033-49A5-89AD-86AD1CD3D0D1}.Release|Any CPU.Build.0 = Release|Any CPU
		{9DB4DF00-79BA-478A-B76F-E559D2E433EA}.Debug|Any CPU.ActiveCfg = Debug|Any CPU
		{9DB4DF00-79BA-478A-B76F-E559D2E433EA}.Debug|Any CPU.Build.0 = Debug|Any CPU
		{9DB4DF00-79BA-478A-B76F-E559D2E433EA}.Release|Any CPU.ActiveCfg = Release|Any CPU
		{9DB4DF00-79BA-478A-B76F-E559D2E433EA}.Release|Any CPU.Build.0 = Release|Any CPU
		{17CF068E-327B-4D20-ADA2-0A9D571A0AB7}.Debug|Any CPU.ActiveCfg = Debug|Any CPU
		{17CF068E-327B-4D20-ADA2-0A9D571A0AB7}.Debug|Any CPU.Build.0 = Debug|Any CPU
		{17CF068E-327B-4D20-ADA2-0A9D571A0AB7}.Release|Any CPU.ActiveCfg = Release|Any CPU
		{17CF068E-327B-4D20-ADA2-0A9D571A0AB7}.Release|Any CPU.Build.0 = Release|Any CPU
	EndGlobalSection
	GlobalSection(SolutionProperties) = preSolution
		HideSolutionNode = FALSE
	EndGlobalSection
	GlobalSection(ExtensibilityGlobals) = postSolution
		SolutionGuid = {16D1CA32-F436-4058-9F0C-3DF2FCA005A5}
	EndGlobalSection
EndGlobal
